
Microsoft Visual Studio Solution File, Format Version 11.00
# Visual Studio 2010
Project("{FAE04EC0-301F-11D3-BF4B-00C04F79EFBC}") = "KP-ImageViewerV2", "KP-ImageViewerV2.csproj", "{68D11DDD-0081-4037-99D4-69B3AFCBDD8D}"
EndProject
Project("{FAE04EC0-301F-11D3-BF4B-00C04F79EFBC}") = "WindowsFormsApplication1", "WindowsFormsApplication1\WindowsFormsApplication1.csproj", "{51BDF0D5-8CD5-4C91-827F-4447FAA02690}"
EndProject
Global
	GlobalSection(SolutionConfigurationPlatforms) = preSolution
		Debug|Any CPU = Debug|Any CPU
		Debug|Mixed Platforms = Debug|Mixed Platforms
		Debug|x86 = Debug|x86
		Release|Any CPU = Release|Any CPU
		Release|Mixed Platforms = Release|Mixed Platforms
		Release|x86 = Release|x86
	EndGlobalSection
	GlobalSection(ProjectConfigurationPlatforms) = postSolution
		{68D11DDD-0081-4037-99D4-69B3AFCBDD8D}.Debug|Any CPU.ActiveCfg = Debug|Any CPU
		{68D11DDD-0081-4037-99D4-69B3AFCBDD8D}.Debug|Any CPU.Build.0 = Debug|Any CPU
		{68D11DDD-0081-4037-99D4-69B3AFCBDD8D}.Debug|Mixed Platforms.ActiveCfg = Debug|Any CPU
		{68D11DDD-0081-4037-99D4-69B3AFCBDD8D}.Debug|Mixed Platforms.Build.0 = Debug|Any CPU
		{68D11DDD-0081-4037-99D4-69B3AFCBDD8D}.Debug|x86.ActiveCfg = Debug|Any CPU
		{68D11DDD-0081-4037-99D4-69B3AFCBDD8D}.Release|Any CPU.ActiveCfg = Release|Any CPU
		{68D11DDD-0081-4037-99D4-69B3AFCBDD8D}.Release|Any CPU.Build.0 = Release|Any CPU
		{68D11DDD-0081-4037-99D4-69B3AFCBDD8D}.Release|Mixed Platforms.ActiveCfg = Release|Any CPU
		{68D11DDD-0081-4037-99D4-69B3AFCBDD8D}.Release|Mixed Platforms.Build.0 = Release|Any CPU
		{68D11DDD-0081-4037-99D4-69B3AFCBDD8D}.Release|x86.ActiveCfg = Release|Any CPU
		{51BDF0D5-8CD5-4C91-827F-4447FAA02690}.Debug|Any CPU.ActiveCfg = Debug|x86
		{51BDF0D5-8CD5-4C91-827F-4447FAA02690}.Debug|Mixed Platforms.ActiveCfg = Debug|x86
		{51BDF0D5-8CD5-4C91-827F-4447FAA02690}.Debug|Mixed Platforms.Build.0 = Debug|x86
		{51BDF0D5-8CD5-4C91-827F-4447FAA02690}.Debug|x86.ActiveCfg = Debug|x86
		{51BDF0D5-8CD5-4C91-827F-4447FAA02690}.Debug|x86.Build.0 = Debug|x86
		{51BDF0D5-8CD5-4C91-827F-4447FAA02690}.Release|Any CPU.ActiveCfg = Release|x86
		{51BDF0D5-8CD5-4C91-827F-4447FAA02690}.Release|Mixed Platforms.ActiveCfg = Release|x86
		{51BDF0D5-8CD5-4C91-827F-4447FAA02690}.Release|Mixed Platforms.Build.0 = Release|x86
		{51BDF0D5-8CD5-4C91-827F-4447FAA02690}.Release|x86.ActiveCfg = Release|x86
		{51BDF0D5-8CD5-4C91-827F-4447FAA02690}.Release|x86.Build.0 = Release|x86
	EndGlobalSection
	GlobalSection(SolutionProperties) = preSolution
		HideSolutionNode = FALSE
	EndGlobalSection
EndGlobal
